
Microsoft Visual Studio Solution File, Format Version 12.00
# Visual Studio Version 17
VisualStudioVersion = 17.14.36121.58
MinimumVisualStudioVersion = 10.0.40219.1
Project("{FAE04EC0-301F-11D3-BF4B-00C04F79EFBC}") = "RFQTenderMgtPortal", "RFQTenderMgtPortal.csproj", "{8A20D41B-B58F-7BB4-1925-E342752C16CA}"
EndProject
Global
	GlobalSection(SolutionConfigurationPlatforms) = preSolution
		Debug|Any CPU = Debug|Any CPU
		Release|Any CPU = Release|Any CPU
	EndGlobalSection
	GlobalSection(ProjectConfigurationPlatforms) = postSolution
		{8A20D41B-B58F-7BB4-1925-E342752C16CA}.Debug|Any CPU.ActiveCfg = Debug|Any CPU
		{8A20D41B-B58F-7BB4-1925-E342752C16CA}.Debug|Any CPU.Build.0 = Debug|Any CPU
		{8A20D41B-B58F-7BB4-1925-E342752C16CA}.Release|Any CPU.ActiveCfg = Release|Any CPU
		{8A20D41B-B58F-7BB4-1925-E342752C16CA}.Release|Any CPU.Build.0 = Release|Any CPU
	EndGlobalSection
	GlobalSection(SolutionProperties) = preSolution
		HideSolutionNode = FALSE
	EndGlobalSection
	GlobalSection(ExtensibilityGlobals) = postSolution
		SolutionGuid = {17D5E636-9615-4C69-8090-74F121499AD2}
	EndGlobalSection
EndGlobal
